
Microsoft Visual Studio Solution File, Format Version 12.00
# Visual Studio Version 16
VisualStudioVersion = 16.0.34601.136
MinimumVisualStudioVersion = 10.0.40219.1
Project("{FAE04EC0-301F-11D3-BF4B-00C04F79EFBC}") = "Concesionario", "Concesionario\Concesionario.csproj", "{F4373506-ED21-4726-A158-58AC381423FF}"
EndProject
Global
	GlobalSection(SolutionConfigurationPlatforms) = preSolution
		Debug|Any CPU = Debug|Any CPU
		Release|Any CPU = Release|Any CPU
	EndGlobalSection
	GlobalSection(ProjectConfigurationPlatforms) = postSolution
		{F4373506-ED21-4726-A158-58AC381423FF}.Debug|Any CPU.ActiveCfg = Debug|Any CPU
		{F4373506-ED21-4726-A158-58AC381423FF}.Debug|Any CPU.Build.0 = Debug|Any CPU
		{F4373506-ED21-4726-A158-58AC381423FF}.Release|Any CPU.ActiveCfg = Release|Any CPU
		{F4373506-ED21-4726-A158-58AC381423FF}.Release|Any CPU.Build.0 = Release|Any CPU
	EndGlobalSection
	GlobalSection(SolutionProperties) = preSolution
		HideSolutionNode = FALSE
	EndGlobalSection
	GlobalSection(ExtensibilityGlobals) = postSolution
		SolutionGuid = {505D925C-A0D7-4BA1-9564-4397D44DCD3A}
	EndGlobalSection
EndGlobal
